{
    "_meta": {
        "hash": {
            "sha256": "f19993523d269d13c23f15fdc6f876bdb531531204c531c343630149a0390dc7"
        },
        "pipfile-spec": 6,
        "requires": {
            "python_version": "3.10"
        },
        "sources": [
            {
                "name": "pypi",
                "url": "https://pypi.org/simple",
                "verify_ssl": true
            }
        ]
    },
    "default": {
        "boltdb": {
            "hashes": [
                "sha256:289107489c883d02823840b783a8ec7832ec76dc9deb9dc1d80297cffed72d54",
                "sha256:de15e756313cc74bb17fb637bdc5cb8180f0a803805cfe49be3326cf89542f42"
            ],
            "index": "pypi",
            "version": "==0.0.2"
        },
        "certifi": {
            "hashes": [
                "sha256:2e0c7ce7cb5d8f8634ca55d2ba7e6ec2689a2fd6537d8dec1296a477a4910057",
                "sha256:d747aa5a8b9bbbb1bb8c22bb13e22bd1f18e9796defa16bab421f7f7a317323b"
            ],
            "markers": "python_version >= '3.7'",
            "version": "==2025.6.15"
        },
        "charset-normalizer": {
            "hashes": [
                "sha256:005fa3432484527f9732ebd315da8da8001593e2cf46a3d817669f062c3d9ed4",
                "sha256:046595208aae0120559a67693ecc65dd75d46f7bf687f159127046628178dc45",
                "sha256:0c29de6a1a95f24b9a1aa7aefd27d2487263f00dfd55a77719b530788f75cff7",
                "sha256:0c8c57f84ccfc871a48a47321cfa49ae1df56cd1d965a09abe84066f6853b9c0",
                "sha256:0f5d9ed7f254402c9e7d35d2f5972c9bbea9040e99cd2861bd77dc68263277c7",
                "sha256:18dd2e350387c87dabe711b86f83c9c78af772c748904d372ade190b5c7c9d4d",
                "sha256:1b1bde144d98e446b056ef98e59c256e9294f6b74d7af6846bf5ffdafd687a7d",
                "sha256:1c95a1e2902a8b722868587c0e1184ad5c55631de5afc0eb96bc4b0d738092c0",
                "sha256:1cad5f45b3146325bb38d6855642f6fd609c3f7cad4dbaf75549bf3b904d3184",
                "sha256:21b2899062867b0e1fde9b724f8aecb1af14f2778d69aacd1a5a1853a597a5db",
                "sha256:24498ba8ed6c2e0b56d4acbf83f2d989720a93b41d712ebd4f4979660db4417b",
                "sha256:25a23ea5c7edc53e0f29bae2c44fcb5a1aa10591aae107f2a2b2583a9c5cbc64",
                "sha256:289200a18fa698949d2b39c671c2cc7a24d44096784e76614899a7ccf2574b7b",
                "sha256:28a1005facc94196e1fb3e82a3d442a9d9110b8434fc1ded7a24a2983c9888d8",
                "sha256:32fc0341d72e0f73f80acb0a2c94216bd704f4f0bce10aedea38f30502b271ff",
                "sha256:36b31da18b8890a76ec181c3cf44326bf2c48e36d393ca1b72b3f484113ea344",
                "sha256:3c21d4fca343c805a52c0c78edc01e3477f6dd1ad7c47653241cf2a206d4fc58",
                "sha256:3fddb7e2c84ac87ac3a947cb4e66d143ca5863ef48e4a5ecb83bd48619e4634e",
                "sha256:43e0933a0eff183ee85833f341ec567c0980dae57c464d8a508e1b2ceb336471",
                "sha256:4a476b06fbcf359ad25d34a057b7219281286ae2477cc5ff5e3f70a246971148",
                "sha256:4e594135de17ab3866138f496755f302b72157d115086d100c3f19370839dd3a",
                "sha256:50bf98d5e563b83cc29471fa114366e6806bc06bc7a25fd59641e41445327836",
                "sha256:5a9979887252a82fefd3d3ed2a8e3b937a7a809f65dcb1e068b090e165bbe99e",
                "sha256:5baececa9ecba31eff645232d59845c07aa030f0c81ee70184a90d35099a0e63",
                "sha256:5bf4545e3b962767e5c06fe1738f951f77d27967cb2caa64c28be7c4563e162c",
                "sha256:6333b3aa5a12c26b2a4d4e7335a28f1475e0e5e17d69d55141ee3cab736f66d1",
                "sha256:65c981bdbd3f57670af8b59777cbfae75364b483fa8a9f420f08094531d54a01",
                "sha256:68a328e5f55ec37c57f19ebb1fdc56a248db2e3e9ad769919a58672958e8f366",
                "sha256:6a0289e4589e8bdfef02a80478f1dfcb14f0ab696b5a00e1f4b8a14a307a3c58",
                "sha256:6b66f92b17849b85cad91259efc341dce9c1af48e2173bf38a85c6329f1033e5",
                "sha256:6c9379d65defcab82d07b2a9dfbfc2e95bc8fe0ebb1b176a3190230a3ef0e07c",
                "sha256:6fc1f5b51fa4cecaa18f2bd7a003f3dd039dd615cd69a2afd6d3b19aed6775f2",
                "sha256:70f7172939fdf8790425ba31915bfbe8335030f05b9913d7ae00a87d4395620a",
                "sha256:721c76e84fe669be19c5791da68232ca2e05ba5185575086e384352e2c309597",
                "sha256:7222ffd5e4de8e57e03ce2cef95a4c43c98fcb72ad86909abdfc2c17d227fc1b",
                "sha256:75d10d37a47afee94919c4fab4c22b9bc2a8bf7d4f46f87363bcf0573f3ff4f5",
                "sha256:76af085e67e56c8816c3ccf256ebd136def2ed9654525348cfa744b6802b69eb",
                "sha256:770cab594ecf99ae64c236bc9ee3439c3f46be49796e265ce0cc8bc17b10294f",
                "sha256:7a6ab32f7210554a96cd9e33abe3ddd86732beeafc7a28e9955cdf22ffadbab0",
                "sha256:7c48ed483eb946e6c04ccbe02c6b4d1d48e51944b6db70f697e089c193404941",
                "sha256:7f56930ab0abd1c45cd15be65cc741c28b1c9a34876ce8c17a2fa107810c0af0",
                "sha256:8075c35cd58273fee266c58c0c9b670947c19df5fb98e7b66710e04ad4e9ff86",
                "sha256:8272b73e1c5603666618805fe821edba66892e2870058c94c53147602eab29c7",
                "sha256:82d8fd25b7f4675d0c47cf95b594d4e7b158aca33b76aa63d07186e13c0e0ab7",
                "sha256:844da2b5728b5ce0e32d863af26f32b5ce61bc4273a9c720a9f3aa9df73b1455",
                "sha256:8755483f3c00d6c9a77f490c17e6ab0c8729e39e6390328e42521ef175380ae6",
                "sha256:915f3849a011c1f593ab99092f3cecfcb4d65d8feb4a64cf1bf2d22074dc0ec4",
                "sha256:926ca93accd5d36ccdabd803392ddc3e03e6d4cd1cf17deff3b989ab8e9dbcf0",
                "sha256:982bb1e8b4ffda883b3d0a521e23abcd6fd17418f6d2c4118d257a10199c0ce3",
                "sha256:98f862da73774290f251b9df8d11161b6cf25b599a66baf087c1ffe340e9bfd1",
                "sha256:9cbfacf36cb0ec2897ce0ebc5d08ca44213af24265bd56eca54bee7923c48fd6",
                "sha256:a370b3e078e418187da8c3674eddb9d983ec09445c99a3a263c2011993522981",
                "sha256:a955b438e62efdf7e0b7b52a64dc5c3396e2634baa62471768a64bc2adb73d5c",
                "sha256:aa6af9e7d59f9c12b33ae4e9450619cf2488e2bbe9b44030905877f0b2324980",
                "sha256:aa88ca0b1932e93f2d961bf3addbb2db902198dca337d88c89e1559e066e7645",
                "sha256:aaeeb6a479c7667fbe1099af9617c83aaca22182d6cf8c53966491a0f1b7ffb7",
                "sha256:aaf27faa992bfee0264dc1f03f4c75e9fcdda66a519db6b957a3f826e285cf12",
                "sha256:b2680962a4848b3c4f155dc2ee64505a9c57186d0d56b43123b17ca3de18f0fa",
                "sha256:b2d318c11350e10662026ad0eb71bb51c7812fc8590825304ae0bdd4ac283acd",
                "sha256:b33de11b92e9f75a2b545d6e9b6f37e398d86c3e9e9653c4864eb7e89c5773ef",
                "sha256:b3daeac64d5b371dea99714f08ffc2c208522ec6b06fbc7866a450dd446f5c0f",
                "sha256:be1e352acbe3c78727a16a455126d9ff83ea2dfdcbc83148d2982305a04714c2",
                "sha256:bee093bf902e1d8fc0ac143c88902c3dfc8941f7ea1d6a8dd2bcb786d33db03d",
                "sha256:c72fbbe68c6f32f251bdc08b8611c7b3060612236e960ef848e0a517ddbe76c5",
                "sha256:c9e36a97bee9b86ef9a1cf7bb96747eb7a15c2f22bdb5b516434b00f2a599f02",
                "sha256:cddf7bd982eaa998934a91f69d182aec997c6c468898efe6679af88283b498d3",
                "sha256:cf713fe9a71ef6fd5adf7a79670135081cd4431c2943864757f0fa3a65b1fafd",
                "sha256:d11b54acf878eef558599658b0ffca78138c8c3655cf4f3a4a673c437e67732e",
                "sha256:d41c4d287cfc69060fa91cae9683eacffad989f1a10811995fa309df656ec214",
                "sha256:d524ba3f1581b35c03cb42beebab4a13e6cdad7b36246bd22541fa585a56cccd",
                "sha256:daac4765328a919a805fa5e2720f3e94767abd632ae410a9062dff5412bae65a",
                "sha256:db4c7bf0e07fc3b7d89ac2a5880a6a8062056801b83ff56d8464b70f65482b6c",
                "sha256:dc7039885fa1baf9be153a0626e337aa7ec8bf96b0128605fb0d77788ddc1681",
                "sha256:dccab8d5fa1ef9bfba0590ecf4d46df048d18ffe3eec01eeb73a42e0d9e7a8ba",
                "sha256:dedb8adb91d11846ee08bec4c8236c8549ac721c245678282dcb06b221aab59f",
                "sha256:e45ba65510e2647721e35323d6ef54c7974959f6081b58d4ef5d87c60c84919a",
                "sha256:e53efc7c7cee4c1e70661e2e112ca46a575f90ed9ae3fef200f2a25e954f4b28",
                "sha256:e635b87f01ebc977342e2697d05b56632f5f879a4f15955dfe8cef2448b51691",
                "sha256:e70e990b2137b29dc5564715de1e12701815dacc1d056308e2b17e9095372a82",
                "sha256:e8082b26888e2f8b36a042a58307d5b917ef2b1cacab921ad3323ef91901c71a",
                "sha256:e8323a9b031aa0393768b87f04b4164a40037fb2a3c11ac06a03ffecd3618027",
                "sha256:e92fca20c46e9f5e1bb485887d074918b13543b1c2a1185e69bb8d17ab6236a7",
                "sha256:eb30abc20df9ab0814b5a2524f23d75dcf83cde762c161917a2b4b7b55b1e518",
                "sha256:eba9904b0f38a143592d9fc0e19e2df0fa2e41c3c3745554761c5f6447eedabf",
                "sha256:ef8de666d6179b009dce7bcb2ad4c4a779f113f12caf8dc77f0162c29d20490b",
                "sha256:efd387a49825780ff861998cd959767800d54f8308936b21025326de4b5a42b9",
                "sha256:f0aa37f3c979cf2546b73e8222bbfa3dc07a641585340179d768068e3455e544",
                "sha256:f4074c5a429281bf056ddd4c5d3b740ebca4d43ffffe2ef4bf4d2d05114299da",
                "sha256:f69a27e45c43520f5487f27627059b64aaf160415589230992cec34c5e18a509",
                "sha256:fb707f3e15060adf5b7ada797624a6c6e0138e2a26baa089df64c68ee98e040f",
                "sha256:fcbe676a55d7445b22c10967bceaaf0ee69407fbe0ece4d032b6eb8d4565982a",
                "sha256:fdb20a30fe1175ecabed17cbf7812f7b804b8a315a25f24678bcdf120a90077f"
            ],
            "markers": "python_version >= '3.7'",
            "version": "==3.4.2"
        },
        "idna": {
            "hashes": [
                "sha256:12f65c9b470abda6dc35cf8e63cc574b1c52b11df2c86030af0ac09b01b13ea9",
                "sha256:946d195a0d259cbba61165e88e65941f16e9b36ea6ddb97f00452bae8b1287d3"
            ],
            "markers": "python_version >= '3.6'",
            "version": "==3.10"
        },
        "requests": {
            "hashes": [
                "sha256:27babd3cda2a6d50b30443204ee89830707d396671944c998b5975b031ac2b2c",
                "sha256:27d0316682c8a29834d3264820024b62a36942083d52caf2f14c0591336d3422"
            ],
            "index": "pypi",
            "markers": "python_version >= '3.8'",
            "version": "==2.32.4"
        },
        "types-requests": {
            "hashes": [
                "sha256:b32b9a86beffa876c0c3ac99a4cd3b8b51e973fb8e3bd4e0a6bb32c7efad80fc",
                "sha256:dc5852a76f1eaf60eafa81a2e50aefa3d1f015c34cf0cba130930866b1b22a92"
            ],
            "index": "pypi",
            "version": "==2.31.0.10"
        },
        "urllib3": {
            "hashes": [
                "sha256:3fc47733c7e419d4bc3f6b3dc2b4f890bb743906a30d56ba4a5bfa4bbff92760",
                "sha256:e6b01673c0fa6a13e374b50871808eb3bf7046c4b125b216f6bf1cc604cff0dc"
            ],
            "index": "pypi",
            "markers": "python_version >= '3.9'",
            "version": "==2.5.0"
        }
    },
    "develop": {
        "black": {
            "hashes": [
                "sha256:2818cf72dfd5d289e48f37ccfa08b460bf469e67fb7c4abb07edc2e9f16fb63f",
                "sha256:41622020d7120e01d377f74249e677039d20e6344ff5851de8a10f11f513bf93",
                "sha256:4acf672def7eb1725f41f38bf6bf425c8237248bb0804faa3965c036f7672d11",
                "sha256:4be5bb28e090456adfc1255e03967fb67ca846a03be7aadf6249096100ee32d0",
                "sha256:4f1373a7808a8f135b774039f61d59e4be7eb56b2513d3d2f02a8b9365b8a8a9",
                "sha256:56f52cfbd3dabe2798d76dbdd299faa046a901041faf2cf33288bc4e6dae57b5",
                "sha256:65b76c275e4c1c5ce6e9870911384bff5ca31ab63d19c76811cb1fb162678213",
                "sha256:65c02e4ea2ae09d16314d30912a58ada9a5c4fdfedf9512d23326128ac08ac3d",
                "sha256:6905238a754ceb7788a73f02b45637d820b2f5478b20fec82ea865e4f5d4d9f7",
                "sha256:79dcf34b33e38ed1b17434693763301d7ccbd1c5860674a8f871bd15139e7837",
                "sha256:7bb041dca0d784697af4646d3b62ba4a6b028276ae878e53f6b4f74ddd6db99f",
                "sha256:7d5e026f8da0322b5662fa7a8e752b3fa2dac1c1cbc213c3d7ff9bdd0ab12395",
                "sha256:9f50ea1132e2189d8dff0115ab75b65590a3e97de1e143795adb4ce317934995",
                "sha256:a0c9c4a0771afc6919578cec71ce82a3e31e054904e7197deacbc9382671c41f",
                "sha256:aadf7a02d947936ee418777e0247ea114f78aff0d0959461057cae8a04f20597",
                "sha256:b5991d523eee14756f3c8d5df5231550ae8993e2286b8014e2fdea7156ed0959",
                "sha256:bf21b7b230718a5f08bd32d5e4f1db7fc8788345c8aea1d155fc17852b3410f5",
                "sha256:c45f8dff244b3c431b36e3224b6be4a127c6aca780853574c00faf99258041eb",
                "sha256:c7ed6668cbbfcd231fa0dc1b137d3e40c04c7f786e626b405c62bcd5db5857e4",
                "sha256:d7de8d330763c66663661a1ffd432274a2f92f07feeddd89ffd085b5744f85e7",
                "sha256:e19cb1c6365fd6dc38a6eae2dcb691d7d83935c10215aef8e6c38edee3f77abd",
                "sha256:e2af80566f43c85f5797365077fb64a393861a3730bd110971ab7a0c94e873e7"
            ],
            "index": "pypi",
            "markers": "python_version >= '3.8'",
            "version": "==24.3.0"
        },
        "click": {
            "hashes": [
                "sha256:ae74fb96c20a0277a1d615f1e4d73c8414f5a98db8b799a7931d1582f3390c28",
                "sha256:ca9853ad459e787e2192211578cc907e7594e294c7ccc834310722b41b9ca6de"
            ],
            "markers": "python_version >= '3.7'",
            "version": "==8.1.7"
        },
        "mypy": {
            "hashes": [
                "sha256:19f905bcfd9e167159b3d63ecd8cb5e696151c3e59a1742e79bc3bcb540c42c7",
                "sha256:21a1ad938fee7d2d96ca666c77b7c494c3c5bd88dff792220e1afbebb2925b5e",
                "sha256:40b1844d2e8b232ed92e50a4bd11c48d2daa351f9deee6c194b83bf03e418b0c",
                "sha256:41697773aa0bf53ff917aa077e2cde7aa50254f28750f9b88884acea38a16169",
                "sha256:49ae115da099dcc0922a7a895c1eec82c1518109ea5c162ed50e3b3594c71208",
                "sha256:4c46b51de523817a0045b150ed11b56f9fff55f12b9edd0f3ed35b15a2809de0",
                "sha256:4cbe68ef919c28ea561165206a2dcb68591c50f3bcf777932323bc208d949cf1",
                "sha256:4d01c00d09a0be62a4ca3f933e315455bde83f37f892ba4b08ce92f3cf44bcc1",
                "sha256:59a0d7d24dfb26729e0a068639a6ce3500e31d6655df8557156c51c1cb874ce7",
                "sha256:68351911e85145f582b5aa6cd9ad666c8958bcae897a1bfda8f4940472463c45",
                "sha256:7274b0c57737bd3476d2229c6389b2ec9eefeb090bbaf77777e9d6b1b5a9d143",
                "sha256:81af8adaa5e3099469e7623436881eff6b3b06db5ef75e6f5b6d4871263547e5",
                "sha256:82e469518d3e9a321912955cc702d418773a2fd1e91c651280a1bda10622f02f",
                "sha256:8b27958f8c76bed8edaa63da0739d76e4e9ad4ed325c814f9b3851425582a3cd",
                "sha256:8c223fa57cb154c7eab5156856c231c3f5eace1e0bed9b32a24696b7ba3c3245",
                "sha256:8f57e6b6927a49550da3d122f0cb983d400f843a8a82e65b3b380d3d7259468f",
                "sha256:925cd6a3b7b55dfba252b7c4561892311c5358c6b5a601847015a1ad4eb7d332",
                "sha256:a43ef1c8ddfdb9575691720b6352761f3f53d85f1b57d7745701041053deff30",
                "sha256:a8032e00ce71c3ceb93eeba63963b864bf635a18f6c0c12da6c13c450eedb183",
                "sha256:b96ae2c1279d1065413965c607712006205a9ac541895004a1e0d4f281f2ff9f",
                "sha256:bb8ccb4724f7d8601938571bf3f24da0da791fe2db7be3d9e79849cb64e0ae85",
                "sha256:bbaf4662e498c8c2e352da5f5bca5ab29d378895fa2d980630656178bd607c46",
                "sha256:cfd13d47b29ed3bbaafaff7d8b21e90d827631afda134836962011acb5904b71",
                "sha256:d4473c22cc296425bbbce7e9429588e76e05bc7342da359d6520b6427bf76660",
                "sha256:d8fbb68711905f8912e5af474ca8b78d077447d8f3918997fecbf26943ff3cbb",
                "sha256:e5012e5cc2ac628177eaac0e83d622b2dd499e28253d4107a08ecc59ede3fc2c",
                "sha256:eb4f18589d196a4cbe5290b435d135dee96567e07c2b2d43b5c4621b6501531a"
            ],
            "index": "pypi",
            "version": "==1.6.1"
        },
        "mypy-extensions": {
            "hashes": [
                "sha256:4392f6c0eb8a5668a69e23d168ffa70f0be9ccfd32b5cc2d26a34ae5b844552d",
                "sha256:75dbf8955dc00442a438fc4d0666508a9a97b6bd41aa2f0ffe9d2f2725af0782"
            ],
            "markers": "python_version >= '3.5'",
            "version": "==1.0.0"
        },
        "packaging": {
            "hashes": [
                "sha256:2ddfb553fdf02fb784c234c7ba6ccc288296ceabec964ad2eae3777778130bc5",
                "sha256:eb82c5e3e56209074766e6885bb04b8c38a0c015d0a30036ebe7ece34c9989e9"
            ],
            "markers": "python_version >= '3.7'",
            "version": "==24.0"
        },
        "pathspec": {
            "hashes": [
                "sha256:a0d503e138a4c123b27490a4f7beda6a01c6f288df0e4a8b79c7eb0dc7b4cc08",
                "sha256:a482d51503a1ab33b1c67a6c3813a26953dbdc71c31dacaef9a838c4e29f5712"
            ],
            "markers": "python_version >= '3.8'",
            "version": "==0.12.1"
        },
        "platformdirs": {
            "hashes": [
                "sha256:0614df2a2f37e1a662acbd8e2b25b92ccf8632929bc6d43467e17fe89c75e068",
                "sha256:ef0cc731df711022c174543cb70a9b5bd22e5a9337c8624ef2c2ceb8ddad8768"
            ],
            "markers": "python_version >= '3.8'",
            "version": "==4.2.0"
        },
        "ruff": {
            "hashes": [
                "sha256:0b6c55f5ef8d9dd05b230bb6ab80bc4381ecb60ae56db0330f660ea240cb0d4a",
                "sha256:0f75e670d529aa2288cd00fc0e9b9287603d95e1536d7a7e0cafe00f75e0dd9d",
                "sha256:12fd53696c83a194a2db7f9a46337ce06445fb9aa7d25ea6f293cf75b21aca9f",
                "sha256:1c595193881922cc0556a90f3af99b1c5681f0c552e7a2a189956141d8666fe8",
                "sha256:2e3de9ed2e39160800281848ff4670e1698037ca039bda7b9274f849258d26ce",
                "sha256:3ba6145369a151401d5db79f0a47d50e470384d0d89d0d6f7fab0b589ad07c34",
                "sha256:3e7afcbdcfbe3399c34e0f6370c30f6e529193c731b885316c5a09c9e4317eef",
                "sha256:4874c165f96c14a00590dcc727a04dca0cfd110334c24b039458c06cf78a672e",
                "sha256:76dd49f6cd945d82d9d4a9a6622c54a994689d8d7b22fa1322983389b4892e20",
                "sha256:7a18df6638cec4a5bd75350639b2bb2a2366e01222825562c7346674bdceb7ea",
                "sha256:918b454bc4f8874a616f0d725590277c42949431ceb303950e87fef7a7d94cb3",
                "sha256:b46d43d51f7061652eeadb426a9e3caa1e0002470229ab2fc19de8a7b0766901",
                "sha256:b8afeb9abd26b4029c72adc9921b8363374f4e7edb78385ffaa80278313a15f9",
                "sha256:ca3cf365bf32e9ba7e6db3f48a4d3e2c446cd19ebee04f05338bc3910114528b",
                "sha256:d8859605e729cd5e53aa38275568dbbdb4fe882d2ea2714c5453b678dca83784",
                "sha256:dc3ec4edb3b73f21b4aa51337e16674c752f1d76a4a543af56d7d04e97769613",
                "sha256:eec2dd31eed114e48ea42dbffc443e9b7221976554a504767ceaee3dd38edeb8"
            ],
            "index": "pypi",
            "version": "==0.1.3"
        },
        "tomli": {
            "hashes": [
                "sha256:939de3e7a6161af0c887ef91b7d41a53e7c5a1ca976325f429cb46ea9bc30ecc",
                "sha256:de526c12914f0c550d15924c62d72abc48d6fe7364aa87328337a31007fe8a4f"
            ],
            "markers": "python_version < '3.11'",
            "version": "==2.0.1"
        },
        "typing-extensions": {
            "hashes": [
                "sha256:69b1a937c3a517342112fb4c6df7e72fc39a38e7891a5730ed4985b5214b5475",
                "sha256:b0abd7c89e8fb96f98db18d86106ff1d90ab692004eb746cf6eda2682f91b3cb"
            ],
            "markers": "python_version < '3.11'",
            "version": "==4.10.0"
        }
    }
}
